// !$*UTF8*$!
{
	archiveVersion = 1;
	classes = {
	};
	objectVersion = 46;
	objects = {

/* Begin PBXBuildFile section */
		B513D4F41C7F658200D57FED /* main.swift in Sources */ = {isa = PBXBuildFile; fileRef = B513D4F31C7F658200D57FED /* main.swift */; };
		B513D5081C7F65E500D57FED /* Application.swift in Sources */ = {isa = PBXBuildFile; fileRef = B513D5071C7F65E500D57FED /* Application.swift */; };
		B5FADB901C80688F00C0314E /* StoryboardParser.swift in Sources */ = {isa = PBXBuildFile; fileRef = B5FADB8F1C80688F00C0314E /* StoryboardParser.swift */; };
		B5FADB9A1C81F0AC00C0314E /* StencilNamespace.swift in Sources */ = {isa = PBXBuildFile; fileRef = B5FADB991C81F0AC00C0314E /* StencilNamespace.swift */; };
		CA3E2FC9EFCC7525CE385F42 /* Pods_StoryboardConstantGenerator.framework in Frameworks */ = {isa = PBXBuildFile; fileRef = E3D12F8573B218C0FF0FE488 /* Pods_StoryboardConstantGenerator.framework */; };
/* End PBXBuildFile section */

/* Begin PBXContainerItemProxy section */
		B513D4FB1C7F658200D57FED /* PBXContainerItemProxy */ = {
			isa = PBXContainerItemProxy;
			containerPortal = B513D4E91C7F658200D57FED /* Project object */;
			proxyType = 1;
			remoteGlobalIDString = B513D4EF1C7F658200D57FED;
			remoteInfo = StoryboardConstantGenerator;
		};
/* End PBXContainerItemProxy section */

/* Begin PBXFileReference section */
		AD447AAC5ADEDD0AD4E63F27 /* Pods-StoryboardConstantGenerator.debug.xcconfig */ = {isa = PBXFileReference; includeInIndex = 1; lastKnownFileType = text.xcconfig; name = "Pods-StoryboardConstantGenerator.debug.xcconfig"; path = "Pods/Target Support Files/Pods-StoryboardConstantGenerator/Pods-StoryboardConstantGenerator.debug.xcconfig"; sourceTree = "<group>"; };
		AE32658BB2C680CEAC550F5C /* Pods-StoryboardConstantGenerator.release.xcconfig */ = {isa = PBXFileReference; includeInIndex = 1; lastKnownFileType = text.xcconfig; name = "Pods-StoryboardConstantGenerator.release.xcconfig"; path = "Pods/Target Support Files/Pods-StoryboardConstantGenerator/Pods-StoryboardConstantGenerator.release.xcconfig"; sourceTree = "<group>"; };
		B513D4F01C7F658200D57FED /* StoryboardConstantGenerator.app */ = {isa = PBXFileReference; explicitFileType = wrapper.application; includeInIndex = 0; path = StoryboardConstantGenerator.app; sourceTree = BUILT_PRODUCTS_DIR; };
		B513D4F31C7F658200D57FED /* main.swift */ = {isa = PBXFileReference; lastKnownFileType = sourcecode.swift; path = main.swift; sourceTree = "<group>"; };
		B513D4F51C7F658200D57FED /* Info.plist */ = {isa = PBXFileReference; lastKnownFileType = text.plist.xml; path = Info.plist; sourceTree = "<group>"; };
		B513D4FA1C7F658200D57FED /* StoryboardConstantGeneratorTests.xctest */ = {isa = PBXFileReference; explicitFileType = wrapper.cfbundle; includeInIndex = 0; path = StoryboardConstantGeneratorTests.xctest; sourceTree = BUILT_PRODUCTS_DIR; };
		B513D4FE1C7F658200D57FED /* Info.plist */ = {isa = PBXFileReference; lastKnownFileType = text.plist.xml; path = Info.plist; sourceTree = "<group>"; };
		B513D5071C7F65E500D57FED /* Application.swift */ = {isa = PBXFileReference; fileEncoding = 4; lastKnownFileType = sourcecode.swift; path = Application.swift; sourceTree = "<group>"; };
		B5FADB8F1C80688F00C0314E /* StoryboardParser.swift */ = {isa = PBXFileReference; fileEncoding = 4; lastKnownFileType = sourcecode.swift; path = StoryboardParser.swift; sourceTree = "<group>"; };
		B5FADB991C81F0AC00C0314E /* StencilNamespace.swift */ = {isa = PBXFileReference; fileEncoding = 4; lastKnownFileType = sourcecode.swift; path = StencilNamespace.swift; sourceTree = "<group>"; };
		E3D12F8573B218C0FF0FE488 /* Pods_StoryboardConstantGenerator.framework */ = {isa = PBXFileReference; explicitFileType = wrapper.framework; includeInIndex = 0; path = Pods_StoryboardConstantGenerator.framework; sourceTree = BUILT_PRODUCTS_DIR; };
/* End PBXFileReference section */

/* Begin PBXFrameworksBuildPhase section */
		B513D4EE1C7F658200D57FED /* Frameworks */ = {
			isa = PBXFrameworksBuildPhase;
			buildActionMask = 2147483647;
			files = (
				CA3E2FC9EFCC7525CE385F42 /* Pods_StoryboardConstantGenerator.framework in Frameworks */,
			);
			runOnlyForDeploymentPostprocessing = 0;
		};
		B513D4F71C7F658200D57FED /* Frameworks */ = {
			isa = PBXFrameworksBuildPhase;
			buildActionMask = 2147483647;
			files = (
			);
			runOnlyForDeploymentPostprocessing = 0;
		};
/* End PBXFrameworksBuildPhase section */

/* Begin PBXGroup section */
		7B517A452CA2690365654407 /* Pods */ = {
			isa = PBXGroup;
			children = (
				AD447AAC5ADEDD0AD4E63F27 /* Pods-StoryboardConstantGenerator.debug.xcconfig */,
				AE32658BB2C680CEAC550F5C /* Pods-StoryboardConstantGenerator.release.xcconfig */,
			);
			name = Pods;
			sourceTree = "<group>";
		};
		B513D4E81C7F658200D57FED = {
			isa = PBXGroup;
			children = (
				B513D4F21C7F658200D57FED /* StoryboardConstantGenerator */,
				B513D4FD1C7F658200D57FED /* StoryboardConstantGeneratorTests */,
				B513D4F11C7F658200D57FED /* Products */,
				7B517A452CA2690365654407 /* Pods */,
				BF2A4229763B707EE33B1AAC /* Frameworks */,
			);
			sourceTree = "<group>";
		};
		B513D4F11C7F658200D57FED /* Products */ = {
			isa = PBXGroup;
			children = (
				B513D4F01C7F658200D57FED /* StoryboardConstantGenerator.app */,
				B513D4FA1C7F658200D57FED /* StoryboardConstantGeneratorTests.xctest */,
			);
			name = Products;
			sourceTree = "<group>";
		};
		B513D4F21C7F658200D57FED /* StoryboardConstantGenerator */ = {
			isa = PBXGroup;
			children = (
				B513D5071C7F65E500D57FED /* Application.swift */,
				B5FADB8F1C80688F00C0314E /* StoryboardParser.swift */,
				B5FADB991C81F0AC00C0314E /* StencilNamespace.swift */,
				B513D4F31C7F658200D57FED /* main.swift */,
				B513D4F51C7F658200D57FED /* Info.plist */,
			);
			path = StoryboardConstantGenerator;
			sourceTree = "<group>";
		};
		B513D4FD1C7F658200D57FED /* StoryboardConstantGeneratorTests */ = {
			isa = PBXGroup;
			children = (
				B513D4FE1C7F658200D57FED /* Info.plist */,
			);
			path = StoryboardConstantGeneratorTests;
			sourceTree = "<group>";
		};
		BF2A4229763B707EE33B1AAC /* Frameworks */ = {
			isa = PBXGroup;
			children = (
				E3D12F8573B218C0FF0FE488 /* Pods_StoryboardConstantGenerator.framework */,
			);
			name = Frameworks;
			sourceTree = "<group>";
		};
/* End PBXGroup section */

/* Begin PBXNativeTarget section */
		B513D4EF1C7F658200D57FED /* StoryboardConstantGenerator */ = {
			isa = PBXNativeTarget;
			buildConfigurationList = B513D5011C7F658200D57FED /* Build configuration list for PBXNativeTarget "StoryboardConstantGenerator" */;
			buildPhases = (
				DBFD1A3D6D1A11E114E696F5 /* Check Pods Manifest.lock */,
				B513D4ED1C7F658200D57FED /* Sources */,
				B513D4EE1C7F658200D57FED /* Frameworks */,
				3047F23D56B198E1340DAF64 /* Embed Pods Frameworks */,
				2EE357567798DC302C5B5E33 /* Copy Pods Resources */,
			);
			buildRules = (
			);
			dependencies = (
			);
			name = StoryboardConstantGenerator;
			productName = StoryboardConstantGenerator;
			productReference = B513D4F01C7F658200D57FED /* StoryboardConstantGenerator.app */;
			productType = "com.apple.product-type.application";
		};
		B513D4F91C7F658200D57FED /* StoryboardConstantGeneratorTests */ = {
			isa = PBXNativeTarget;
			buildConfigurationList = B513D5041C7F658200D57FED /* Build configuration list for PBXNativeTarget "StoryboardConstantGeneratorTests" */;
			buildPhases = (
				B513D4F61C7F658200D57FED /* Sources */,
				B513D4F71C7F658200D57FED /* Frameworks */,
				B513D4F81C7F658200D57FED /* Resources */,
			);
			buildRules = (
			);
			dependencies = (
				B513D4FC1C7F658200D57FED /* PBXTargetDependency */,
			);
			name = StoryboardConstantGeneratorTests;
			productName = StoryboardConstantGeneratorTests;
			productReference = B513D4FA1C7F658200D57FED /* StoryboardConstantGeneratorTests.xctest */;
			productType = "com.apple.product-type.bundle.unit-test";
		};
/* End PBXNativeTarget section */

/* Begin PBXProject section */
		B513D4E91C7F658200D57FED /* Project object */ = {
			isa = PBXProject;
			attributes = {
				LastSwiftUpdateCheck = 0720;
				LastUpgradeCheck = 0720;
				ORGANIZATIONNAME = "Perpetuum Mobile lab";
				TargetAttributes = {
					B513D4EF1C7F658200D57FED = {
						CreatedOnToolsVersion = 7.2.1;
					};
					B513D4F91C7F658200D57FED = {
						CreatedOnToolsVersion = 7.2.1;
						TestTargetID = B513D4EF1C7F658200D57FED;
					};
				};
			};
			buildConfigurationList = B513D4EC1C7F658200D57FED /* Build configuration list for PBXProject "StoryboardConstantGenerator" */;
			compatibilityVersion = "Xcode 3.2";
			developmentRegion = English;
			hasScannedForEncodings = 0;
			knownRegions = (
				en,
			);
			mainGroup = B513D4E81C7F658200D57FED;
			productRefGroup = B513D4F11C7F658200D57FED /* Products */;
			projectDirPath = "";
			projectRoot = "";
			targets = (
				B513D4EF1C7F658200D57FED /* StoryboardConstantGenerator */,
				B513D4F91C7F658200D57FED /* StoryboardConstantGeneratorTests */,
			);
		};
/* End PBXProject section */

/* Begin PBXResourcesBuildPhase section */
		B513D4F81C7F658200D57FED /* Resources */ = {
			isa = PBXResourcesBuildPhase;
			buildActionMask = 2147483647;
			files = (
			);
			runOnlyForDeploymentPostprocessing = 0;
		};
/* End PBXResourcesBuildPhase section */

/* Begin PBXShellScriptBuildPhase section */
		2EE357567798DC302C5B5E33 /* Copy Pods Resources */ = {
			isa = PBXShellScriptBuildPhase;
			buildActionMask = 2147483647;
			files = (
			);
			inputPaths = (
			);
			name = "Copy Pods Resources";
			outputPaths = (
			);
			runOnlyForDeploymentPostprocessing = 0;
			shellPath = /bin/sh;
			shellScript = "\"${SRCROOT}/Pods/Target Support Files/Pods-StoryboardConstantGenerator/Pods-StoryboardConstantGenerator-resources.sh\"\n";
			showEnvVarsInLog = 0;
		};
		3047F23D56B198E1340DAF64 /* Embed Pods Frameworks */ = {
			isa = PBXShellScriptBuildPhase;
			buildActionMask = 2147483647;
			files = (
			);
			inputPaths = (
			);
			name = "Embed Pods Frameworks";
			outputPaths = (
			);
			runOnlyForDeploymentPostprocessing = 0;
			shellPath = /bin/sh;
			shellScript = "\"${SRCROOT}/Pods/Target Support Files/Pods-StoryboardConstantGenerator/Pods-StoryboardConstantGenerator-frameworks.sh\"\n";
			showEnvVarsInLog = 0;
		};
		DBFD1A3D6D1A11E114E696F5 /* Check Pods Manifest.lock */ = {
			isa = PBXShellScriptBuildPhase;
			buildActionMask = 2147483647;
			files = (
			);
			inputPaths = (
			);
			name = "Check Pods Manifest.lock";
			outputPaths = (
			);
			runOnlyForDeploymentPostprocessing = 0;
			shellPath = /bin/sh;
			shellScript = "diff \"${PODS_ROOT}/../Podfile.lock\" \"${PODS_ROOT}/Manifest.lock\" > /dev/null\nif [[ $? != 0 ]] ; then\n    cat << EOM\nerror: The sandbox is not in sync with the Podfile.lock. Run 'pod install' or update your CocoaPods installation.\nEOM\n    exit 1\nfi\n";
			showEnvVarsInLog = 0;
		};
/* End PBXShellScriptBuildPhase section */

/* Begin PBXSourcesBuildPhase section */
		B513D4ED1C7F658200D57FED /* Sources */ = {
			isa = PBXSourcesBuildPhase;
			buildActionMask = 2147483647;
			files = (
				B5FADB9A1C81F0AC00C0314E /* StencilNamespace.swift in Sources */,
				B5FADB901C80688F00C0314E /* StoryboardParser.swift in Sources */,
				B513D5081C7F65E500D57FED /* Application.swift in Sources */,
				B513D4F41C7F658200D57FED /* main.swift in Sources */,
			);
			runOnlyForDeploymentPostprocessing = 0;
		};
		B513D4F61C7F658200D57FED /* Sources */ = {
			isa = PBXSourcesBuildPhase;
			buildActionMask = 2147483647;
			files = (
			);
			runOnlyForDeploymentPostprocessing = 0;
		};
/* End PBXSourcesBuildPhase section */

/* Begin PBXTargetDependency section */
		B513D4FC1C7F658200D57FED /* PBXTargetDependency */ = {
			isa = PBXTargetDependency;
			target = B513D4EF1C7F658200D57FED /* StoryboardConstantGenerator */;
			targetProxy = B513D4FB1C7F658200D57FED /* PBXContainerItemProxy */;
		};
/* End PBXTargetDependency section */

/* Begin XCBuildConfiguration section */
		B513D4FF1C7F658200D57FED /* Debug */ = {
			isa = XCBuildConfiguration;
			buildSettings = {
				ALWAYS_SEARCH_USER_PATHS = NO;
				CLANG_CXX_LANGUAGE_STANDARD = "gnu++0x";
				CLANG_CXX_LIBRARY = "libc++";
				CLANG_ENABLE_MODULES = YES;
				CLANG_ENABLE_OBJC_ARC = YES;
				CLANG_WARN_BOOL_CONVERSION = YES;
				CLANG_WARN_CONSTANT_CONVERSION = YES;
				CLANG_WARN_DIRECT_OBJC_ISA_USAGE = YES_ERROR;
				CLANG_WARN_EMPTY_BODY = YES;
				CLANG_WARN_ENUM_CONVERSION = YES;
				CLANG_WARN_INT_CONVERSION = YES;
				CLANG_WARN_OBJC_ROOT_CLASS = YES_ERROR;
				CLANG_WARN_UNREACHABLE_CODE = YES;
				CLANG_WARN__DUPLICATE_METHOD_MATCH = YES;
				CODE_SIGN_IDENTITY = "-";
				COPY_PHASE_STRIP = NO;
				DEBUG_INFORMATION_FORMAT = dwarf;
				ENABLE_STRICT_OBJC_MSGSEND = YES;
				ENABLE_TESTABILITY = YES;
				GCC_C_LANGUAGE_STANDARD = gnu99;
				GCC_DYNAMIC_NO_PIC = NO;
				GCC_NO_COMMON_BLOCKS = YES;
				GCC_OPTIMIZATION_LEVEL = 0;
				GCC_PREPROCESSOR_DEFINITIONS = (
					"DEBUG=1",
					"$(inherited)",
				);
				GCC_WARN_64_TO_32_BIT_CONVERSION = YES;
				GCC_WARN_ABOUT_RETURN_TYPE = YES_ERROR;
				GCC_WARN_UNDECLARED_SELECTOR = YES;
				GCC_WARN_UNINITIALIZED_AUTOS = YES_AGGRESSIVE;
				GCC_WARN_UNUSED_FUNCTION = YES;
				GCC_WARN_UNUSED_VARIABLE = YES;
				MACOSX_DEPLOYMENT_TARGET = 10.11;
				MTL_ENABLE_DEBUG_INFO = YES;
				ONLY_ACTIVE_ARCH = YES;
				SDKROOT = macosx;
			};
			name = Debug;
		};
		B513D5001C7F658200D57FED /* Release */ = {
			isa = XCBuildConfiguration;
			buildSettings = {
				ALWAYS_SEARCH_USER_PATHS = NO;
				CLANG_CXX_LANGUAGE_STANDARD = "gnu++0x";
				CLANG_CXX_LIBRARY = "libc++";
				CLANG_ENABLE_MODULES = YES;
				CLANG_ENABLE_OBJC_ARC = YES;
				CLANG_WARN_BOOL_CONVERSION = YES;
				CLANG_WARN_CONSTANT_CONVERSION = YES;
				CLANG_WARN_DIRECT_OBJC_ISA_USAGE = YES_ERROR;
				CLANG_WARN_EMPTY_BODY = YES;
				CLANG_WARN_ENUM_CONVERSION = YES;
				CLANG_WARN_INT_CONVERSION = YES;
				CLANG_WARN_OBJC_ROOT_CLASS = YES_ERROR;
				CLANG_WARN_UNREACHABLE_CODE = YES;
				CLANG_WARN__DUPLICATE_METHOD_MATCH = YES;
				CODE_SIGN_IDENTITY = "-";
				COPY_PHASE_STRIP = NO;
				DEBUG_INFORMATION_FORMAT = "dwarf-with-dsym";
				ENABLE_NS_ASSERTIONS = NO;
				ENABLE_STRICT_OBJC_MSGSEND = YES;
				GCC_C_LANGUAGE_STANDARD = gnu99;
				GCC_NO_COMMON_BLOCKS = YES;
				GCC_WARN_64_TO_32_BIT_CONVERSION = YES;
				GCC_WARN_ABOUT_RETURN_TYPE = YES_ERROR;
				GCC_WARN_UNDECLARED_SELECTOR = YES;
				GCC_WARN_UNINITIALIZED_AUTOS = YES_AGGRESSIVE;
				GCC_WARN_UNUSED_FUNCTION = YES;
				GCC_WARN_UNUSED_VARIABLE = YES;
				MACOSX_DEPLOYMENT_TARGET = 10.11;
				MTL_ENABLE_DEBUG_INFO = NO;
				SDKROOT = macosx;
			};
			name = Release;
		};
		B513D5021C7F658200D57FED /* Debug */ = {
			isa = XCBuildConfiguration;
			baseConfigurationReference = AD447AAC5ADEDD0AD4E63F27 /* Pods-StoryboardConstantGenerator.debug.xcconfig */;
			buildSettings = {
				INFOPLIST_FILE = StoryboardConstantGenerator/Info.plist;
				LD_RUNPATH_SEARCH_PATHS = "$(inherited) @executable_path/Frameworks @executable_path/../Frameworks";
				PRODUCT_BUNDLE_IDENTIFIER = perpetuum.mobile.lab.StoryboardConstantGenerator;
				PRODUCT_NAME = "$(TARGET_NAME)";
			};
			name = Debug;
		};
		B513D5031C7F658200D57FED /* Release */ = {
			isa = XCBuildConfiguration;
			baseConfigurationReference = AE32658BB2C680CEAC550F5C /* Pods-StoryboardConstantGenerator.release.xcconfig */;
			buildSettings = {
				INFOPLIST_FILE = StoryboardConstantGenerator/Info.plist;
				LD_RUNPATH_SEARCH_PATHS = "$(inherited) @executable_path/Frameworks @executable_path/../Frameworks";
				PRODUCT_BUNDLE_IDENTIFIER = perpetuum.mobile.lab.StoryboardConstantGenerator;
				PRODUCT_NAME = "$(TARGET_NAME)";
			};
			name = Release;
		};
		B513D5051C7F658200D57FED /* Debug */ = {
			isa = XCBuildConfiguration;
			buildSettings = {
				BUNDLE_LOADER = "$(TEST_HOST)";
				COMBINE_HIDPI_IMAGES = YES;
				INFOPLIST_FILE = StoryboardConstantGeneratorTests/Info.plist;
				LD_RUNPATH_SEARCH_PATHS = "$(inherited) @executable_path/../Frameworks @loader_path/../Frameworks";
				PRODUCT_BUNDLE_IDENTIFIER = perpetuum.mobile.lab.StoryboardConstantGeneratorTests;
				PRODUCT_NAME = "$(TARGET_NAME)";
				TEST_HOST = "$(BUILT_PRODUCTS_DIR)/StoryboardConstantGenerator.app/Contents/MacOS/StoryboardConstantGenerator";
			};
			name = Debug;
		};
		B513D5061C7F658200D57FED /* Release */ = {
			isa = XCBuildConfiguration;
			buildSettings = {
				BUNDLE_LOADER = "$(TEST_HOST)";
				COMBINE_HIDPI_IMAGES = YES;
				INFOPLIST_FILE = StoryboardConstantGeneratorTests/Info.plist;
				LD_RUNPATH_SEARCH_PATHS = "$(inherited) @executable_path/../Frameworks @loader_path/../Frameworks";
				PRODUCT_BUNDLE_IDENTIFIER = perpetuum.mobile.lab.StoryboardConstantGeneratorTests;
				PRODUCT_NAME = "$(TARGET_NAME)";
				TEST_HOST = "$(BUILT_PRODUCTS_DIR)/StoryboardConstantGenerator.app/Contents/MacOS/StoryboardConstantGenerator";
			};
			name = Release;
		};
/* End XCBuildConfiguration section */

/* Begin XCConfigurationList section */
		B513D4EC1C7F658200D57FED /* Build configuration list for PBXProject "StoryboardConstantGenerator" */ = {
			isa = XCConfigurationList;
			buildConfigurations = (
				B513D4FF1C7F658200D57FED /* Debug */,
				B513D5001C7F658200D57FED /* Release */,
			);
			defaultConfigurationIsVisible = 0;
			defaultConfigurationName = Release;
		};
		B513D5011C7F658200D57FED /* Build configuration list for PBXNativeTarget "StoryboardConstantGenerator" */ = {
			isa = XCConfigurationList;
			buildConfigurations = (
				B513D5021C7F658200D57FED /* Debug */,
				B513D5031C7F658200D57FED /* Release */,
			);
			defaultConfigurationIsVisible = 0;
			defaultConfigurationName = Release;
		};
		B513D5041C7F658200D57FED /* Build configuration list for PBXNativeTarget "StoryboardConstantGeneratorTests" */ = {
			isa = XCConfigurationList;
			buildConfigurations = (
				B513D5051C7F658200D57FED /* Debug */,
				B513D5061C7F658200D57FED /* Release */,
			);
			defaultConfigurationIsVisible = 0;
			defaultConfigurationName = Release;
		};
/* End XCConfigurationList section */
	};
	rootObject = B513D4E91C7F658200D57FED /* Project object */;
}
